
Microsoft Visual Studio Solution File, Format Version 12.00
# Visual Studio Version 16
VisualStudioVersion = 16.0.31410.357
MinimumVisualStudioVersion = 10.0.40219.1
Project("{9A19103F-16F7-4668-BE54-9A1E7A4F7556}") = "PlaywrightExperiment", "PlaywrightExperiment.csproj", "{FEC9BB28-3C03-490F-AB2D-13CA162A6EDA}"
EndProject
Global
	GlobalSection(SolutionConfigurationPlatforms) = preSolution
		Debug|Any CPU = Debug|Any CPU
		Release|Any CPU = Release|Any CPU
	EndGlobalSection
	GlobalSection(ProjectConfigurationPlatforms) = postSolution
		{FEC9BB28-3C03-490F-AB2D-13CA162A6EDA}.Debug|Any CPU.ActiveCfg = Debug|Any CPU
		{FEC9BB28-3C03-490F-AB2D-13CA162A6EDA}.Debug|Any CPU.Build.0 = Debug|Any CPU
		{FEC9BB28-3C03-490F-AB2D-13CA162A6EDA}.Release|Any CPU.ActiveCfg = Release|Any CPU
		{FEC9BB28-3C03-490F-AB2D-13CA162A6EDA}.Release|Any CPU.Build.0 = Release|Any CPU
	EndGlobalSection
	GlobalSection(SolutionProperties) = preSolution
		HideSolutionNode = FALSE
	EndGlobalSection
	GlobalSection(ExtensibilityGlobals) = postSolution
		SolutionGuid = {E2C62D38-614C-4585-97C4-4CB4FA31165F}
	EndGlobalSection
EndGlobal
